
Microsoft Visual Studio Solution File, Format Version 12.00
# Visual Studio Version 17
VisualStudioVersion = 17.9.34728.123
MinimumVisualStudioVersion = 10.0.40219.1
Project("{FAE04EC0-301F-11D3-BF4B-00C04F79EFBC}") = "AddTowNumbers(Linked List)", "AddTowNumbers(Linked List).csproj", "{0B2CF187-BA05-447B-9C55-36E543D46C1F}"
EndProject
Global
	GlobalSection(SolutionConfigurationPlatforms) = preSolution
		Debug|Any CPU = Debug|Any CPU
		Release|Any CPU = Release|Any CPU
	EndGlobalSection
	GlobalSection(ProjectConfigurationPlatforms) = postSolution
		{0B2CF187-BA05-447B-9C55-36E543D46C1F}.Debug|Any CPU.ActiveCfg = Debug|Any CPU
		{0B2CF187-BA05-447B-9C55-36E543D46C1F}.Debug|Any CPU.Build.0 = Debug|Any CPU
		{0B2CF187-BA05-447B-9C55-36E543D46C1F}.Release|Any CPU.ActiveCfg = Release|Any CPU
		{0B2CF187-BA05-447B-9C55-36E543D46C1F}.Release|Any CPU.Build.0 = Release|Any CPU
	EndGlobalSection
	GlobalSection(SolutionProperties) = preSolution
		HideSolutionNode = FALSE
	EndGlobalSection
	GlobalSection(ExtensibilityGlobals) = postSolution
		SolutionGuid = {E2AECED7-A93B-4D3B-A727-1101D49DEE55}
	EndGlobalSection
EndGlobal
